
Microsoft Visual Studio Solution File, Format Version 12.00
# Visual Studio Version 17
VisualStudioVersion = 17.9.34902.65
MinimumVisualStudioVersion = 10.0.40219.1
Project("{2150E333-8FDC-42A3-9474-1A3956D46DE8}") = "src", "src", "{6B4AED3F-3722-4103-B22F-254F5BA6C3DE}"
EndProject
Project("{2150E333-8FDC-42A3-9474-1A3956D46DE8}") = "BackEnd", "BackEnd", "{E4FF161A-C98E-4565-A212-2ADA35A81D8D}"
EndProject
Project("{2150E333-8FDC-42A3-9474-1A3956D46DE8}") = "FrontEnd", "FrontEnd", "{B7BF6CCF-5BEE-4977-9777-BE8BC7F18464}"
EndProject
Project("{2150E333-8FDC-42A3-9474-1A3956D46DE8}") = "Common", "Common", "{6786E7D9-4673-4F4F-86DB-B3BBD690D4C5}"
EndProject
Project("{2150E333-8FDC-42A3-9474-1A3956D46DE8}") = "Infraestructure", "Infraestructure", "{DAD89A72-8998-4B8A-BE65-B2E82DF96621}"
EndProject
Project("{2150E333-8FDC-42A3-9474-1A3956D46DE8}") = "Modules", "Modules", "{3E30D988-3FDA-4C8C-8B29-1BAD93ADD88F}"
EndProject
Project("{9A19103F-16F7-4668-BE54-9A1E7A4F7556}") = "BibliotecaPro.Common.Data", "BibliotecaPro.Common.Data\BibliotecaPro.Common.Data.csproj", "{554FFACC-C4E9-431C-8257-22B2AE870D03}"
EndProject
Project("{9A19103F-16F7-4668-BE54-9A1E7A4F7556}") = "BibliotecaPro.Infraestructure", "BibliotecaPro.Infraestructure\BibliotecaPro.Infraestructure.csproj", "{BDC49DBC-74D6-4719-BC75-8064031D96DE}"
EndProject
Project("{2150E333-8FDC-42A3-9474-1A3956D46DE8}") = "Lector Management", "Lector Management", "{3E0A0330-FD17-40B0-9116-B3F841151B5E}"
EndProject
Project("{2150E333-8FDC-42A3-9474-1A3956D46DE8}") = "Api", "Api", "{678B9E64-8B9F-46D3-B75A-13B476B73BFB}"
EndProject
Project("{2150E333-8FDC-42A3-9474-1A3956D46DE8}") = "Appication", "Appication", "{401D7FB3-F6E6-4223-8E56-7078826322E3}"
EndProject
Project("{2150E333-8FDC-42A3-9474-1A3956D46DE8}") = "Domain", "Domain", "{4D48CE17-0448-4700-B285-68C3519F4F16}"
EndProject
Project("{2150E333-8FDC-42A3-9474-1A3956D46DE8}") = "Persistance", "Persistance", "{2A670851-B300-489B-8001-C84052F7B264}"
EndProject
Project("{FAE04EC0-301F-11D3-BF4B-00C04F79EFBC}") = "BibliotecaPro.Lector.Api", "BibliotecaPro.Lector.Api\BibliotecaPro.Lector.Api.csproj", "{140C2D45-ED30-45F5-88E5-8ECF5CB841E5}"
EndProject
Project("{FAE04EC0-301F-11D3-BF4B-00C04F79EFBC}") = "BibliotecaPro.Lector.Aplication", "BibliotecaPro.Lector.Aplication\BibliotecaPro.Lector.Aplication.csproj", "{32B7EBBD-AD96-47C8-8E4B-F0E949711131}"
EndProject
Project("{FAE04EC0-301F-11D3-BF4B-00C04F79EFBC}") = "BibliotecaPro.Lector.Domain", "BibliotecaPro.Lector.Domain\BibliotecaPro.Lector.Domain.csproj", "{7DE3D7DA-18B6-442A-B318-16820635C02F}"
EndProject
Project("{FAE04EC0-301F-11D3-BF4B-00C04F79EFBC}") = "BibliotecaPro.Lector.Persistance", "BibliotecaPro.Lector.Persistance\BibliotecaPro.Lector.Persistance.csproj", "{5CBA4335-5F5E-4644-A989-C6F68121D25E}"
EndProject
Global
	GlobalSection(SolutionConfigurationPlatforms) = preSolution
		Debug|Any CPU = Debug|Any CPU
		Release|Any CPU = Release|Any CPU
	EndGlobalSection
	GlobalSection(ProjectConfigurationPlatforms) = postSolution
		{554FFACC-C4E9-431C-8257-22B2AE870D03}.Debug|Any CPU.ActiveCfg = Debug|Any CPU
		{554FFACC-C4E9-431C-8257-22B2AE870D03}.Debug|Any CPU.Build.0 = Debug|Any CPU
		{554FFACC-C4E9-431C-8257-22B2AE870D03}.Release|Any CPU.ActiveCfg = Release|Any CPU
		{554FFACC-C4E9-431C-8257-22B2AE870D03}.Release|Any CPU.Build.0 = Release|Any CPU
		{BDC49DBC-74D6-4719-BC75-8064031D96DE}.Debug|Any CPU.ActiveCfg = Debug|Any CPU
		{BDC49DBC-74D6-4719-BC75-8064031D96DE}.Debug|Any CPU.Build.0 = Debug|Any CPU
		{BDC49DBC-74D6-4719-BC75-8064031D96DE}.Release|Any CPU.ActiveCfg = Release|Any CPU
		{BDC49DBC-74D6-4719-BC75-8064031D96DE}.Release|Any CPU.Build.0 = Release|Any CPU
		{140C2D45-ED30-45F5-88E5-8ECF5CB841E5}.Debug|Any CPU.ActiveCfg = Debug|Any CPU
		{140C2D45-ED30-45F5-88E5-8ECF5CB841E5}.Debug|Any CPU.Build.0 = Debug|Any CPU
		{140C2D45-ED30-45F5-88E5-8ECF5CB841E5}.Release|Any CPU.ActiveCfg = Release|Any CPU
		{140C2D45-ED30-45F5-88E5-8ECF5CB841E5}.Release|Any CPU.Build.0 = Release|Any CPU
		{32B7EBBD-AD96-47C8-8E4B-F0E949711131}.Debug|Any CPU.ActiveCfg = Debug|Any CPU
		{32B7EBBD-AD96-47C8-8E4B-F0E949711131}.Debug|Any CPU.Build.0 = Debug|Any CPU
		{32B7EBBD-AD96-47C8-8E4B-F0E949711131}.Release|Any CPU.ActiveCfg = Release|Any CPU
		{32B7EBBD-AD96-47C8-8E4B-F0E949711131}.Release|Any CPU.Build.0 = Release|Any CPU
		{7DE3D7DA-18B6-442A-B318-16820635C02F}.Debug|Any CPU.ActiveCfg = Debug|Any CPU
		{7DE3D7DA-18B6-442A-B318-16820635C02F}.Debug|Any CPU.Build.0 = Debug|Any CPU
		{7DE3D7DA-18B6-442A-B318-16820635C02F}.Release|Any CPU.ActiveCfg = Release|Any CPU
		{7DE3D7DA-18B6-442A-B318-16820635C02F}.Release|Any CPU.Build.0 = Release|Any CPU
		{5CBA4335-5F5E-4644-A989-C6F68121D25E}.Debug|Any CPU.ActiveCfg = Debug|Any CPU
		{5CBA4335-5F5E-4644-A989-C6F68121D25E}.Debug|Any CPU.Build.0 = Debug|Any CPU
		{5CBA4335-5F5E-4644-A989-C6F68121D25E}.Release|Any CPU.ActiveCfg = Release|Any CPU
		{5CBA4335-5F5E-4644-A989-C6F68121D25E}.Release|Any CPU.Build.0 = Release|Any CPU
	EndGlobalSection
	GlobalSection(SolutionProperties) = preSolution
		HideSolutionNode = FALSE
	EndGlobalSection
	GlobalSection(NestedProjects) = preSolution
		{E4FF161A-C98E-4565-A212-2ADA35A81D8D} = {6B4AED3F-3722-4103-B22F-254F5BA6C3DE}
		{B7BF6CCF-5BEE-4977-9777-BE8BC7F18464} = {6B4AED3F-3722-4103-B22F-254F5BA6C3DE}
		{6786E7D9-4673-4F4F-86DB-B3BBD690D4C5} = {E4FF161A-C98E-4565-A212-2ADA35A81D8D}
		{DAD89A72-8998-4B8A-BE65-B2E82DF96621} = {E4FF161A-C98E-4565-A212-2ADA35A81D8D}
		{3E30D988-3FDA-4C8C-8B29-1BAD93ADD88F} = {E4FF161A-C98E-4565-A212-2ADA35A81D8D}
		{554FFACC-C4E9-431C-8257-22B2AE870D03} = {6786E7D9-4673-4F4F-86DB-B3BBD690D4C5}
		{BDC49DBC-74D6-4719-BC75-8064031D96DE} = {DAD89A72-8998-4B8A-BE65-B2E82DF96621}
		{3E0A0330-FD17-40B0-9116-B3F841151B5E} = {3E30D988-3FDA-4C8C-8B29-1BAD93ADD88F}
		{678B9E64-8B9F-46D3-B75A-13B476B73BFB} = {3E0A0330-FD17-40B0-9116-B3F841151B5E}
		{401D7FB3-F6E6-4223-8E56-7078826322E3} = {3E0A0330-FD17-40B0-9116-B3F841151B5E}
		{4D48CE17-0448-4700-B285-68C3519F4F16} = {3E0A0330-FD17-40B0-9116-B3F841151B5E}
		{2A670851-B300-489B-8001-C84052F7B264} = {3E0A0330-FD17-40B0-9116-B3F841151B5E}
		{140C2D45-ED30-45F5-88E5-8ECF5CB841E5} = {678B9E64-8B9F-46D3-B75A-13B476B73BFB}
		{32B7EBBD-AD96-47C8-8E4B-F0E949711131} = {401D7FB3-F6E6-4223-8E56-7078826322E3}
		{7DE3D7DA-18B6-442A-B318-16820635C02F} = {4D48CE17-0448-4700-B285-68C3519F4F16}
		{5CBA4335-5F5E-4644-A989-C6F68121D25E} = {2A670851-B300-489B-8001-C84052F7B264}
	EndGlobalSection
	GlobalSection(ExtensibilityGlobals) = postSolution
		SolutionGuid = {385D9246-C21E-4F47-B7B5-48AE13B934D9}
	EndGlobalSection
EndGlobal
